
Microsoft Visual Studio Solution File, Format Version 12.00
# Visual Studio Version 16
VisualStudioVersion = 16.0.28803.452
MinimumVisualStudioVersion = 10.0.40219.1
Project("{9A19103F-16F7-4668-BE54-9A1E7A4F7556}") = "DataSekolahWithIdentity", "DataSekolahWithIdentity.csproj", "{BECC308D-F87E-4D6E-A635-8C34096D4E09}"
EndProject
Global
	GlobalSection(SolutionConfigurationPlatforms) = preSolution
		Debug|Any CPU = Debug|Any CPU
		Release|Any CPU = Release|Any CPU
	EndGlobalSection
	GlobalSection(ProjectConfigurationPlatforms) = postSolution
		{BECC308D-F87E-4D6E-A635-8C34096D4E09}.Debug|Any CPU.ActiveCfg = Debug|Any CPU
		{BECC308D-F87E-4D6E-A635-8C34096D4E09}.Debug|Any CPU.Build.0 = Debug|Any CPU
		{BECC308D-F87E-4D6E-A635-8C34096D4E09}.Release|Any CPU.ActiveCfg = Release|Any CPU
		{BECC308D-F87E-4D6E-A635-8C34096D4E09}.Release|Any CPU.Build.0 = Release|Any CPU
	EndGlobalSection
	GlobalSection(SolutionProperties) = preSolution
		HideSolutionNode = FALSE
	EndGlobalSection
	GlobalSection(ExtensibilityGlobals) = postSolution
		SolutionGuid = {E09C1CBE-906B-44F5-85C6-BB36E9CFB683}
	EndGlobalSection
EndGlobal
